
Microsoft Visual Studio Solution File, Format Version 12.00
# Visual Studio 15
VisualStudioVersion = 15.0.27703.2042
MinimumVisualStudioVersion = 10.0.40219.1
Project("{8BC9CEB8-8B4A-11D0-8D11-00A0C91BC942}") = "Project9", "Project9\Project9.vcxproj", "{F6D0EFD3-5037-4C26-A640-64E4AFE5487C}"
EndProject
Global
	GlobalSection(SolutionConfigurationPlatforms) = preSolution
		Debug|x64 = Debug|x64
		Debug|x86 = Debug|x86
		Release|x64 = Release|x64
		Release|x86 = Release|x86
	EndGlobalSection
	GlobalSection(ProjectConfigurationPlatforms) = postSolution
		{F6D0EFD3-5037-4C26-A640-64E4AFE5487C}.Debug|x64.ActiveCfg = Debug|x64
		{F6D0EFD3-5037-4C26-A640-64E4AFE5487C}.Debug|x64.Build.0 = Debug|x64
		{F6D0EFD3-5037-4C26-A640-64E4AFE5487C}.Debug|x86.ActiveCfg = Debug|Win32
		{F6D0EFD3-5037-4C26-A640-64E4AFE5487C}.Debug|x86.Build.0 = Debug|Win32
		{F6D0EFD3-5037-4C26-A640-64E4AFE5487C}.Release|x64.ActiveCfg = Release|x64
		{F6D0EFD3-5037-4C26-A640-64E4AFE5487C}.Release|x64.Build.0 = Release|x64
		{F6D0EFD3-5037-4C26-A640-64E4AFE5487C}.Release|x86.ActiveCfg = Release|Win32
		{F6D0EFD3-5037-4C26-A640-64E4AFE5487C}.Release|x86.Build.0 = Release|Win32
	EndGlobalSection
	GlobalSection(SolutionProperties) = preSolution
		HideSolutionNode = FALSE
	EndGlobalSection
	GlobalSection(ExtensibilityGlobals) = postSolution
		SolutionGuid = {96F2A974-D241-4E9B-99AA-6359B7B2B613}
	EndGlobalSection
EndGlobal
